{
  "originHash" : "769b72f16d2b9d6e08a627ac3ddcc9dfd05284659e2a62db026a416bce357e02",
  "pins" : [
    {
      "identity" : "kanna",
      "kind" : "remoteSourceControl",
      "location" : "https://github.com/tid-kijyun/Kanna.git",
      "state" : {
        "revision" : "41c3d28ea0eac07e4551b28def9de1ede702e739",
        "version" : "5.3.0"
      }
    }
  ],
  "version" : 3
}
